
Microsoft Visual Studio Solution File, Format Version 12.00
# Visual Studio 15
VisualStudioVersion = 15.0.27130.2003
MinimumVisualStudioVersion = 10.0.40219.1
Project("{FAE04EC0-301F-11D3-BF4B-00C04F79EFBC}") = "TaskManagerHW", "TaskManagerHW\TaskManagerHW.csproj", "{641D8FBD-5250-46C1-9F82-E960E7A9C94A}"
EndProject
Global
	GlobalSection(SolutionConfigurationPlatforms) = preSolution
		Debug|Any CPU = Debug|Any CPU
		Release|Any CPU = Release|Any CPU
	EndGlobalSection
	GlobalSection(ProjectConfigurationPlatforms) = postSolution
		{641D8FBD-5250-46C1-9F82-E960E7A9C94A}.Debug|Any CPU.ActiveCfg = Debug|Any CPU
		{641D8FBD-5250-46C1-9F82-E960E7A9C94A}.Debug|Any CPU.Build.0 = Debug|Any CPU
		{641D8FBD-5250-46C1-9F82-E960E7A9C94A}.Release|Any CPU.ActiveCfg = Release|Any CPU
		{641D8FBD-5250-46C1-9F82-E960E7A9C94A}.Release|Any CPU.Build.0 = Release|Any CPU
	EndGlobalSection
	GlobalSection(SolutionProperties) = preSolution
		HideSolutionNode = FALSE
	EndGlobalSection
	GlobalSection(ExtensibilityGlobals) = postSolution
		SolutionGuid = {C680D17A-62E4-4B9A-B9B2-5B0AAA42D605}
	EndGlobalSection
EndGlobal
